
Microsoft Visual Studio Solution File, Format Version 12.00
# Visual Studio Version 17
VisualStudioVersion = 17.0.31903.59
MinimumVisualStudioVersion = 10.0.40219.1
Project("{FAE04EC0-301F-11D3-BF4B-00C04F79EFBC}") = "Fx.WebApi", "Fx.WebApi\Fx.WebApi.csproj", "{7CFBDD59-B07E-4D51-8C36-4B801C47424B}"
EndProject
Project("{FAE04EC0-301F-11D3-BF4B-00C04F79EFBC}") = "Fx.Application", "Fx.Application\Fx.Application.csproj", "{92FB3FB1-B294-48C4-9BB2-7C339281B0EB}"
EndProject
Project("{FAE04EC0-301F-11D3-BF4B-00C04F79EFBC}") = "Fx.Domain", "Fx.Domain\Fx.Domain.csproj", "{35AE8777-A0E3-4B9F-858E-077DFFFDF914}"
EndProject
Project("{FAE04EC0-301F-11D3-BF4B-00C04F79EFBC}") = "Fx.Infrastructure", "Fx.Infrastructure\Fx.Infrastructure.csproj", "{9AEB85A6-BF09-4D28-B933-D46EF9270B7D}"
EndProject
Global
	GlobalSection(SolutionConfigurationPlatforms) = preSolution
		Debug|Any CPU = Debug|Any CPU
		Release|Any CPU = Release|Any CPU
	EndGlobalSection
	GlobalSection(SolutionProperties) = preSolution
		HideSolutionNode = FALSE
	EndGlobalSection
	GlobalSection(ProjectConfigurationPlatforms) = postSolution
		{7CFBDD59-B07E-4D51-8C36-4B801C47424B}.Debug|Any CPU.ActiveCfg = Debug|Any CPU
		{7CFBDD59-B07E-4D51-8C36-4B801C47424B}.Debug|Any CPU.Build.0 = Debug|Any CPU
		{7CFBDD59-B07E-4D51-8C36-4B801C47424B}.Release|Any CPU.ActiveCfg = Release|Any CPU
		{7CFBDD59-B07E-4D51-8C36-4B801C47424B}.Release|Any CPU.Build.0 = Release|Any CPU
		{92FB3FB1-B294-48C4-9BB2-7C339281B0EB}.Debug|Any CPU.ActiveCfg = Debug|Any CPU
		{92FB3FB1-B294-48C4-9BB2-7C339281B0EB}.Debug|Any CPU.Build.0 = Debug|Any CPU
		{92FB3FB1-B294-48C4-9BB2-7C339281B0EB}.Release|Any CPU.ActiveCfg = Release|Any CPU
		{92FB3FB1-B294-48C4-9BB2-7C339281B0EB}.Release|Any CPU.Build.0 = Release|Any CPU
		{35AE8777-A0E3-4B9F-858E-077DFFFDF914}.Debug|Any CPU.ActiveCfg = Debug|Any CPU
		{35AE8777-A0E3-4B9F-858E-077DFFFDF914}.Debug|Any CPU.Build.0 = Debug|Any CPU
		{35AE8777-A0E3-4B9F-858E-077DFFFDF914}.Release|Any CPU.ActiveCfg = Release|Any CPU
		{35AE8777-A0E3-4B9F-858E-077DFFFDF914}.Release|Any CPU.Build.0 = Release|Any CPU
		{9AEB85A6-BF09-4D28-B933-D46EF9270B7D}.Debug|Any CPU.ActiveCfg = Debug|Any CPU
		{9AEB85A6-BF09-4D28-B933-D46EF9270B7D}.Debug|Any CPU.Build.0 = Debug|Any CPU
		{9AEB85A6-BF09-4D28-B933-D46EF9270B7D}.Release|Any CPU.ActiveCfg = Release|Any CPU
		{9AEB85A6-BF09-4D28-B933-D46EF9270B7D}.Release|Any CPU.Build.0 = Release|Any CPU
	EndGlobalSection
EndGlobal
